
Microsoft Visual Studio Solution File, Format Version 12.00
# Visual Studio Version 16
VisualStudioVersion = 16.0.32106.194
MinimumVisualStudioVersion = 10.0.40219.1
Project("{FAE04EC0-301F-11D3-BF4B-00C04F79EFBC}") = "OOP_LABA7", "OOP_LABA7\OOP_LABA7.csproj", "{4E22BF1E-C454-4470-BD41-0FD92B1EE7DC}"
EndProject
Global
	GlobalSection(SolutionConfigurationPlatforms) = preSolution
		Debug|Any CPU = Debug|Any CPU
		Release|Any CPU = Release|Any CPU
	EndGlobalSection
	GlobalSection(ProjectConfigurationPlatforms) = postSolution
		{4E22BF1E-C454-4470-BD41-0FD92B1EE7DC}.Debug|Any CPU.ActiveCfg = Debug|Any CPU
		{4E22BF1E-C454-4470-BD41-0FD92B1EE7DC}.Debug|Any CPU.Build.0 = Debug|Any CPU
		{4E22BF1E-C454-4470-BD41-0FD92B1EE7DC}.Release|Any CPU.ActiveCfg = Release|Any CPU
		{4E22BF1E-C454-4470-BD41-0FD92B1EE7DC}.Release|Any CPU.Build.0 = Release|Any CPU
	EndGlobalSection
	GlobalSection(SolutionProperties) = preSolution
		HideSolutionNode = FALSE
	EndGlobalSection
	GlobalSection(ExtensibilityGlobals) = postSolution
		SolutionGuid = {6BBE0576-1649-4AA8-AF8C-2CEB1E8E798A}
	EndGlobalSection
EndGlobal
